
Microsoft Visual Studio Solution File, Format Version 12.00
# Visual Studio Version 17
VisualStudioVersion = 17.13.35931.197 d17.13
MinimumVisualStudioVersion = 10.0.40219.1
Project("{FAE04EC0-301F-11D3-BF4B-00C04F79EFBC}") = "SalesAndService", "SalesAndService\SalesAndService.csproj", "{B4C5D60B-8536-4110-A14E-DA5E4BA52332}"
EndProject
Global
	GlobalSection(SolutionConfigurationPlatforms) = preSolution
		Debug|Any CPU = Debug|Any CPU
		Release|Any CPU = Release|Any CPU
	EndGlobalSection
	GlobalSection(ProjectConfigurationPlatforms) = postSolution
		{B4C5D60B-8536-4110-A14E-DA5E4BA52332}.Debug|Any CPU.ActiveCfg = Debug|Any CPU
		{B4C5D60B-8536-4110-A14E-DA5E4BA52332}.Debug|Any CPU.Build.0 = Debug|Any CPU
		{B4C5D60B-8536-4110-A14E-DA5E4BA52332}.Release|Any CPU.ActiveCfg = Release|Any CPU
		{B4C5D60B-8536-4110-A14E-DA5E4BA52332}.Release|Any CPU.Build.0 = Release|Any CPU
	EndGlobalSection
	GlobalSection(SolutionProperties) = preSolution
		HideSolutionNode = FALSE
	EndGlobalSection
	GlobalSection(ExtensibilityGlobals) = postSolution
		SolutionGuid = {4BC6D08B-FC8F-4EBC-91A3-B442760DA459}
	EndGlobalSection
EndGlobal
